{
  "nodes": {
    "blender-mcp-src": {
      "flake": false,
      "locked": {
        "lastModified": 1790750363,
        "narHash": "sha256-GFKE8+PU9+BnuMPK03UpCIfEB6aJjCaDw9d6S42NWc4=",
        "owner": "ahujasid",
        "repo": "mcp-for-blender",
        "rev": "60d2a31b4632a7bc178f3dd636f7e68dfb5c8ae4",
        "type": "github"
      },
      "original": {
        "owner": "ahujasid",
        "repo": "mcp-for-blender",
        "rev": "60d2a31b4632a7bc178f3dd636f7e68dfb5c8ae4",
        "type": "github"
      }
    },
    "concat-manifest": {
      "flake": false,
      "locked": {
        "narHash": "sha256-CaNG1pWShxzxvNVCP2iFcLD636iTGArSqxlU86BYNN8=",
        "type": "file",
        "url": "https://github.com/jub0t/Concat/releases/latest/download/manifest.json"
      },
      "original": {
        "type": "file",
        "url": "https://github.com/jub0t/Concat/releases/latest/download/manifest.json"
      }
    },
    "helium-pin": {
      "flake": false,
      "locked": {
        "lastModified": 1791200822,
        "narHash": "sha256-zJ/ezx6peOYU1gnjUtwVhuldWx9Tre6wzkrfZOBj3CQ=",
        "owner": "amaanq",
        "repo": "helium-flake",
        "rev": "590e6fbb91105b44fb1d46debdee21fb266abfa7",
        "type": "github"
      },
      "original": {
        "owner": "amaanq",
        "repo": "helium-flake",
        "type": "github"
      }
    },
    "home-manager": {
      "inputs": {
        "nixpkgs": [
          "nixpkgs"
        ]
      },
      "locked": {
        "lastModified": 1791465139,
        "narHash": "sha256-hXTjOf2VQDXrNt4aU9rmNhc0qdOhnjy9FcA4tlPEdq8=",
        "owner": "nix-community",
        "repo": "home-manager",
        "rev": "678e6c11cd5d24226087dc758d17f705c7c4106a",
        "type": "github"
      },
      "original": {
        "owner": "nix-community",
        "repo": "home-manager",
        "type": "github"
      }
    },
    "mcp-youtube-transcript-src": {
      "flake": false,
      "locked": {
        "lastModified": 1783560319,
        "narHash": "sha256-oJE560O0EbCzWSRXSvo7LpNEd3bbvvvPLV/XYgW5Zio=",
        "ref": "refs/tags/v0.7.0",
        "rev": "ea333cad6a4b71428ebedc0c95d2b6e7d3c7f743",
        "revCount": 252,
        "type": "git",
        "url": "https://github.com/jkawamoto/mcp-youtube-transcript.git"
      },
      "original": {
        "ref": "refs/tags/v0.7.0",
        "type": "git",
        "url": "https://github.com/jkawamoto/mcp-youtube-transcript.git"
      }
    },
    "nixpkgs": {
      "locked": {
        "lastModified": 1791456040,
        "narHash": "sha256-H83yz/do+hjOO0uujHyH8RgtIQP2v7Mw+cLwcZK/xKc=",
        "owner": "nixos",
        "repo": "nixpkgs",
        "rev": "e7439b6b14ad3cc35d05608ebca9bce01a25f5f8",
        "type": "github"
      },
      "original": {
        "owner": "nixos",
        "ref": "nixos-unstable",
        "repo": "nixpkgs",
        "type": "github"
      }
    },
    "nixpkgs_2": {
      "locked": {
        "lastModified": 1790822859,
        "narHash": "sha256-VBA0QerzzmL+4wxgtwiCdiLwLpJg2/9xOxhgO3BRJQA=",
        "rev": "c59305bab2065cfecc4944690d9eedbb56f3a9fa",
        "type": "tarball",
        "url": "https://releases.nixos.org/nixos/unstable/nixos-26.11pre1083223.c59305bab206/nixexprs.tar.xz"
      },
      "original": {
        "type": "tarball",
        "url": "https://channels.nixos.org/nixos-unstable/nixexprs.tar.xz"
      }
    },
    "opencode-feed": {
      "flake": false,
      "locked": {
        "narHash": "sha256-E1h3HQtKdxTBILoloKhnQNIt0l2ncIKG0Qzl2eAyM/c=",
        "type": "file",
        "url": "https://opencode.ai/update/api/latest/desktop/opencode/latest-linux.yml"
      },
      "original": {
        "type": "file",
        "url": "https://opencode.ai/update/api/latest/desktop/opencode/latest-linux.yml"
      }
    },
    "root": {
      "inputs": {
        "blender-mcp-src": "blender-mcp-src",
        "concat-manifest": "concat-manifest",
        "helium-pin": "helium-pin",
        "home-manager": "home-manager",
        "mcp-youtube-transcript-src": "mcp-youtube-transcript-src",
        "nixpkgs": "nixpkgs",
        "opencode-feed": "opencode-feed",
        "umbriel": "umbriel"
      }
    },
    "umbriel": {
      "inputs": {
        "nixpkgs": "nixpkgs_2",
        "xdg-desktop-portal-umbriel": "xdg-desktop-portal-umbriel"
      },
      "locked": {
        "lastModified": 1791473047,
        "narHash": "sha256-GBaETeWBB5tV1d8Gfa1FWG5ekF4u/hRCPlaG6/4vfoQ=",
        "owner": "noctalia-dev",
        "repo": "umbriel",
        "rev": "1a5829066148394b36bc45fe76e768685e5a5369",
        "type": "github"
      },
      "original": {
        "owner": "noctalia-dev",
        "ref": "cachix",
        "repo": "umbriel",
        "type": "github"
      }
    },
    "xdg-desktop-portal-umbriel": {
      "inputs": {
        "nixpkgs": [
          "umbriel",
          "nixpkgs"
        ]
      },
      "locked": {
        "lastModified": 1790459405,
        "narHash": "sha256-xDnu9icpormkETOo8Vn2Qr7Jkrz9ZqRf/jOhqADeeyg=",
        "owner": "noctalia-dev",
        "repo": "xdg-desktop-portal-umbriel",
        "rev": "d6bd72cabd83e3084fb2f2e24898d8ffa4a8c24f",
        "type": "github"
      },
      "original": {
        "owner": "noctalia-dev",
        "repo": "xdg-desktop-portal-umbriel",
        "type": "github"
      }
    }
  },
  "root": "root",
  "version": 7
}
